
Microsoft Visual Studio Solution File, Format Version 12.00
# Visual Studio Version 17
VisualStudioVersion = 17.10.35122.118
MinimumVisualStudioVersion = 10.0.40219.1
Project("{FAE04EC0-301F-11D3-BF4B-00C04F79EFBC}") = "CodePulse.API", "CodePulse.API\CodePulse.API.csproj", "{843D4C4A-CC47-4447-82AE-0A1D30BB3C40}"
EndProject
Global
	GlobalSection(SolutionConfigurationPlatforms) = preSolution
		Debug|Any CPU = Debug|Any CPU
		Release|Any CPU = Release|Any CPU
	EndGlobalSection
	GlobalSection(ProjectConfigurationPlatforms) = postSolution
		{843D4C4A-CC47-4447-82AE-0A1D30BB3C40}.Debug|Any CPU.ActiveCfg = Debug|Any CPU
		{843D4C4A-CC47-4447-82AE-0A1D30BB3C40}.Debug|Any CPU.Build.0 = Debug|Any CPU
		{843D4C4A-CC47-4447-82AE-0A1D30BB3C40}.Release|Any CPU.ActiveCfg = Release|Any CPU
		{843D4C4A-CC47-4447-82AE-0A1D30BB3C40}.Release|Any CPU.Build.0 = Release|Any CPU
	EndGlobalSection
	GlobalSection(SolutionProperties) = preSolution
		HideSolutionNode = FALSE
	EndGlobalSection
	GlobalSection(ExtensibilityGlobals) = postSolution
		SolutionGuid = {85DA475D-4282-49A1-AE2D-5B044C12114A}
	EndGlobalSection
EndGlobal
